
Microsoft Visual Studio Solution File, Format Version 11.00
# Visual Studio 2010
Project("{FAE04EC0-301F-11D3-BF4B-00C04F79EFBC}") = "CodeTrip.Core", "CodeTrip.Core\CodeTrip.Core.csproj", "{7AD42F34-0629-45B8-BF45-87F8B791376E}"
EndProject
Global
	GlobalSection(SolutionConfigurationPlatforms) = preSolution
		Debug|Any CPU = Debug|Any CPU
		Release|Any CPU = Release|Any CPU
	EndGlobalSection
	GlobalSection(ProjectConfigurationPlatforms) = postSolution
		{7AD42F34-0629-45B8-BF45-87F8B791376E}.Debug|Any CPU.ActiveCfg = Debug|Any CPU
		{7AD42F34-0629-45B8-BF45-87F8B791376E}.Debug|Any CPU.Build.0 = Debug|Any CPU
		{7AD42F34-0629-45B8-BF45-87F8B791376E}.Release|Any CPU.ActiveCfg = Release|Any CPU
		{7AD42F34-0629-45B8-BF45-87F8B791376E}.Release|Any CPU.Build.0 = Release|Any CPU
	EndGlobalSection
	GlobalSection(SolutionProperties) = preSolution
		HideSolutionNode = FALSE
	EndGlobalSection
EndGlobal
